
Microsoft Visual Studio Solution File, Format Version 12.00
# Visual Studio Version 16
VisualStudioVersion = 16.0.31313.79
MinimumVisualStudioVersion = 10.0.40219.1
Project("{9A19103F-16F7-4668-BE54-9A1E7A4F7556}") = "Problem01", "Problem01\Problem01.csproj", "{8AD82136-1649-4687-AC88-D421CAA275BC}"
EndProject
Project("{9A19103F-16F7-4668-BE54-9A1E7A4F7556}") = "Problem02", "Problem02\Problem02.csproj", "{8021188F-D4CF-43F6-97AE-F670FA6B433F}"
EndProject
Project("{9A19103F-16F7-4668-BE54-9A1E7A4F7556}") = "Problem03", "Problem03\Problem03.csproj", "{2E4B9255-EA0F-4252-B244-0883C1CBA64F}"
EndProject
Project("{9A19103F-16F7-4668-BE54-9A1E7A4F7556}") = "Problem04", "Problem04\Problem04.csproj", "{9CEBC10C-3CA9-44BD-95BF-522688350937}"
EndProject
Project("{9A19103F-16F7-4668-BE54-9A1E7A4F7556}") = "Problem05", "Problem05\Problem05.csproj", "{18096669-1C8E-4750-AF3E-5DC7F05272A1}"
EndProject
Project("{9A19103F-16F7-4668-BE54-9A1E7A4F7556}") = "Problem06", "Problem06\Problem06.csproj", "{A70E3B6F-123B-4B5C-9AA1-498B7F98AA7A}"
EndProject
Project("{9A19103F-16F7-4668-BE54-9A1E7A4F7556}") = "Problem07", "Problem07\Problem07.csproj", "{BB00C562-59F0-4AB9-A9BF-BD76589E61C1}"
EndProject
Project("{9A19103F-16F7-4668-BE54-9A1E7A4F7556}") = "Problem08", "Problem08\Problem08.csproj", "{F0C135DD-A4C9-4FE8-BEC7-BDA6C3509B61}"
EndProject
Project("{9A19103F-16F7-4668-BE54-9A1E7A4F7556}") = "Problem09", "Problem09\Problem09.csproj", "{D4B92113-B25E-4F2A-92B8-20D9D6304E4D}"
EndProject
Project("{9A19103F-16F7-4668-BE54-9A1E7A4F7556}") = "Problem10", "Problem10\Problem10.csproj", "{9FF0E9C9-6ABC-4AC9-94FD-88E9FAE3BA1B}"
EndProject
Project("{9A19103F-16F7-4668-BE54-9A1E7A4F7556}") = "Problem11", "Problem11\Problem11.csproj", "{6C3A3A20-2B2E-496B-89F7-10633B417CDE}"
EndProject
Project("{9A19103F-16F7-4668-BE54-9A1E7A4F7556}") = "Problem12", "Problem12\Problem12.csproj", "{10A11F7C-8B70-4691-9853-32A1BFB2AA79}"
EndProject
Project("{9A19103F-16F7-4668-BE54-9A1E7A4F7556}") = "Problem13", "Problem13\Problem13.csproj", "{0C94CB5A-FA43-442D-8FA4-485A542B18CC}"
EndProject
Project("{9A19103F-16F7-4668-BE54-9A1E7A4F7556}") = "Problem14", "Problem14\Problem14.csproj", "{A8059533-6B06-4459-9D94-62E2AAF45AD4}"
EndProject
Project("{9A19103F-16F7-4668-BE54-9A1E7A4F7556}") = "Problem15", "Problem15\Problem15.csproj", "{86B81E9B-F714-4BCC-9225-E2ADB1BBA92D}"
EndProject
Project("{9A19103F-16F7-4668-BE54-9A1E7A4F7556}") = "Problem16", "Problem16\Problem16.csproj", "{2D149367-1AA2-4817-9917-D7E4E844E116}"
EndProject
Project("{9A19103F-16F7-4668-BE54-9A1E7A4F7556}") = "Problem17", "Problem17\Problem17.csproj", "{EF464FD0-AA3C-403A-B71F-CA817071906A}"
EndProject
Project("{9A19103F-16F7-4668-BE54-9A1E7A4F7556}") = "Problem18", "Problem18\Problem18.csproj", "{76CE75C2-482B-4C85-ADC8-C7925E94278F}"
EndProject
Project("{9A19103F-16F7-4668-BE54-9A1E7A4F7556}") = "Problem19", "Problem19\Problem19.csproj", "{046FFD4D-5DB2-4FEB-A1AC-C8778FF4C618}"
EndProject
Project("{9A19103F-16F7-4668-BE54-9A1E7A4F7556}") = "Problem20", "Problem20\Problem20.csproj", "{AA2482BE-F5A0-4F2E-BCCF-2FA06F0A9D2E}"
EndProject
Project("{FAE04EC0-301F-11D3-BF4B-00C04F79EFBC}") = "Problem21", "Problem21\Problem21.csproj", "{2F05384B-121E-4232-AF76-5B0CCD896CE8}"
EndProject
Project("{FAE04EC0-301F-11D3-BF4B-00C04F79EFBC}") = "Problem22", "Problem22\Problem22.csproj", "{F3B217B3-7B6B-4345-A8A4-005350F6D300}"
EndProject
Global
	GlobalSection(SolutionConfigurationPlatforms) = preSolution
		Debug|Any CPU = Debug|Any CPU
		Release|Any CPU = Release|Any CPU
	EndGlobalSection
	GlobalSection(ProjectConfigurationPlatforms) = postSolution
		{8AD82136-1649-4687-AC88-D421CAA275BC}.Debug|Any CPU.ActiveCfg = Debug|Any CPU
		{8AD82136-1649-4687-AC88-D421CAA275BC}.Debug|Any CPU.Build.0 = Debug|Any CPU
		{8AD82136-1649-4687-AC88-D421CAA275BC}.Release|Any CPU.ActiveCfg = Release|Any CPU
		{8AD82136-1649-4687-AC88-D421CAA275BC}.Release|Any CPU.Build.0 = Release|Any CPU
		{8021188F-D4CF-43F6-97AE-F670FA6B433F}.Debug|Any CPU.ActiveCfg = Debug|Any CPU
		{8021188F-D4CF-43F6-97AE-F670FA6B433F}.Debug|Any CPU.Build.0 = Debug|Any CPU
		{8021188F-D4CF-43F6-97AE-F670FA6B433F}.Release|Any CPU.ActiveCfg = Release|Any CPU
		{8021188F-D4CF-43F6-97AE-F670FA6B433F}.Release|Any CPU.Build.0 = Release|Any CPU
		{2E4B9255-EA0F-4252-B244-0883C1CBA64F}.Debug|Any CPU.ActiveCfg = Debug|Any CPU
		{2E4B9255-EA0F-4252-B244-0883C1CBA64F}.Debug|Any CPU.Build.0 = Debug|Any CPU
		{2E4B9255-EA0F-4252-B244-0883C1CBA64F}.Release|Any CPU.ActiveCfg = Release|Any CPU
		{2E4B9255-EA0F-4252-B244-0883C1CBA64F}.Release|Any CPU.Build.0 = Release|Any CPU
		{9CEBC10C-3CA9-44BD-95BF-522688350937}.Debug|Any CPU.ActiveCfg = Debug|Any CPU
		{9CEBC10C-3CA9-44BD-95BF-522688350937}.Debug|Any CPU.Build.0 = Debug|Any CPU
		{9CEBC10C-3CA9-44BD-95BF-522688350937}.Release|Any CPU.ActiveCfg = Release|Any CPU
		{9CEBC10C-3CA9-44BD-95BF-522688350937}.Release|Any CPU.Build.0 = Release|Any CPU
		{18096669-1C8E-4750-AF3E-5DC7F05272A1}.Debug|Any CPU.ActiveCfg = Debug|Any CPU
		{18096669-1C8E-4750-AF3E-5DC7F05272A1}.Debug|Any CPU.Build.0 = Debug|Any CPU
		{18096669-1C8E-4750-AF3E-5DC7F05272A1}.Release|Any CPU.ActiveCfg = Release|Any CPU
		{18096669-1C8E-4750-AF3E-5DC7F05272A1}.Release|Any CPU.Build.0 = Release|Any CPU
		{A70E3B6F-123B-4B5C-9AA1-498B7F98AA7A}.Debug|Any CPU.ActiveCfg = Debug|Any CPU
		{A70E3B6F-123B-4B5C-9AA1-498B7F98AA7A}.Debug|Any CPU.Build.0 = Debug|Any CPU
		{A70E3B6F-123B-4B5C-9AA1-498B7F98AA7A}.Release|Any CPU.ActiveCfg = Release|Any CPU
		{A70E3B6F-123B-4B5C-9AA1-498B7F98AA7A}.Release|Any CPU.Build.0 = Release|Any CPU
		{BB00C562-59F0-4AB9-A9BF-BD76589E61C1}.Debug|Any CPU.ActiveCfg = Debug|Any CPU
		{BB00C562-59F0-4AB9-A9BF-BD76589E61C1}.Debug|Any CPU.Build.0 = Debug|Any CPU
		{BB00C562-59F0-4AB9-A9BF-BD76589E61C1}.Release|Any CPU.ActiveCfg = Release|Any CPU
		{BB00C562-59F0-4AB9-A9BF-BD76589E61C1}.Release|Any CPU.Build.0 = Release|Any CPU
		{F0C135DD-A4C9-4FE8-BEC7-BDA6C3509B61}.Debug|Any CPU.ActiveCfg = Debug|Any CPU
		{F0C135DD-A4C9-4FE8-BEC7-BDA6C3509B61}.Debug|Any CPU.Build.0 = Debug|Any CPU
		{F0C135DD-A4C9-4FE8-BEC7-BDA6C3509B61}.Release|Any CPU.ActiveCfg = Release|Any CPU
		{F0C135DD-A4C9-4FE8-BEC7-BDA6C3509B61}.Release|Any CPU.Build.0 = Release|Any CPU
		{D4B92113-B25E-4F2A-92B8-20D9D6304E4D}.Debug|Any CPU.ActiveCfg = Debug|Any CPU
		{D4B92113-B25E-4F2A-92B8-20D9D6304E4D}.Debug|Any CPU.Build.0 = Debug|Any CPU
		{D4B92113-B25E-4F2A-92B8-20D9D6304E4D}.Release|Any CPU.ActiveCfg = Release|Any CPU
		{D4B92113-B25E-4F2A-92B8-20D9D6304E4D}.Release|Any CPU.Build.0 = Release|Any CPU
		{9FF0E9C9-6ABC-4AC9-94FD-88E9FAE3BA1B}.Debug|Any CPU.ActiveCfg = Debug|Any CPU
		{9FF0E9C9-6ABC-4AC9-94FD-88E9FAE3BA1B}.Debug|Any CPU.Build.0 = Debug|Any CPU
		{9FF0E9C9-6ABC-4AC9-94FD-88E9FAE3BA1B}.Release|Any CPU.ActiveCfg = Release|Any CPU
		{9FF0E9C9-6ABC-4AC9-94FD-88E9FAE3BA1B}.Release|Any CPU.Build.0 = Release|Any CPU
		{6C3A3A20-2B2E-496B-89F7-10633B417CDE}.Debug|Any CPU.ActiveCfg = Debug|Any CPU
		{6C3A3A20-2B2E-496B-89F7-10633B417CDE}.Debug|Any CPU.Build.0 = Debug|Any CPU
		{6C3A3A20-2B2E-496B-89F7-10633B417CDE}.Release|Any CPU.ActiveCfg = Release|Any CPU
		{6C3A3A20-2B2E-496B-89F7-10633B417CDE}.Release|Any CPU.Build.0 = Release|Any CPU
		{10A11F7C-8B70-4691-9853-32A1BFB2AA79}.Debug|Any CPU.ActiveCfg = Debug|Any CPU
		{10A11F7C-8B70-4691-9853-32A1BFB2AA79}.Debug|Any CPU.Build.0 = Debug|Any CPU
		{10A11F7C-8B70-4691-9853-32A1BFB2AA79}.Release|Any CPU.ActiveCfg = Release|Any CPU
		{10A11F7C-8B70-4691-9853-32A1BFB2AA79}.Release|Any CPU.Build.0 = Release|Any CPU
		{0C94CB5A-FA43-442D-8FA4-485A542B18CC}.Debug|Any CPU.ActiveCfg = Debug|Any CPU
		{0C94CB5A-FA43-442D-8FA4-485A542B18CC}.Debug|Any CPU.Build.0 = Debug|Any CPU
		{0C94CB5A-FA43-442D-8FA4-485A542B18CC}.Release|Any CPU.ActiveCfg = Release|Any CPU
		{0C94CB5A-FA43-442D-8FA4-485A542B18CC}.Release|Any CPU.Build.0 = Release|Any CPU
		{A8059533-6B06-4459-9D94-62E2AAF45AD4}.Debug|Any CPU.ActiveCfg = Debug|Any CPU
		{A8059533-6B06-4459-9D94-62E2AAF45AD4}.Debug|Any CPU.Build.0 = Debug|Any CPU
		{A8059533-6B06-4459-9D94-62E2AAF45AD4}.Release|Any CPU.ActiveCfg = Release|Any CPU
		{A8059533-6B06-4459-9D94-62E2AAF45AD4}.Release|Any CPU.Build.0 = Release|Any CPU
		{86B81E9B-F714-4BCC-9225-E2ADB1BBA92D}.Debug|Any CPU.ActiveCfg = Debug|Any CPU
		{86B81E9B-F714-4BCC-9225-E2ADB1BBA92D}.Debug|Any CPU.Build.0 = Debug|Any CPU
		{86B81E9B-F714-4BCC-9225-E2ADB1BBA92D}.Release|Any CPU.ActiveCfg = Release|Any CPU
		{86B81E9B-F714-4BCC-9225-E2ADB1BBA92D}.Release|Any CPU.Build.0 = Release|Any CPU
		{2D149367-1AA2-4817-9917-D7E4E844E116}.Debug|Any CPU.ActiveCfg = Debug|Any CPU
		{2D149367-1AA2-4817-9917-D7E4E844E116}.Debug|Any CPU.Build.0 = Debug|Any CPU
		{2D149367-1AA2-4817-9917-D7E4E844E116}.Release|Any CPU.ActiveCfg = Release|Any CPU
		{2D149367-1AA2-4817-9917-D7E4E844E116}.Release|Any CPU.Build.0 = Release|Any CPU
		{EF464FD0-AA3C-403A-B71F-CA817071906A}.Debug|Any CPU.ActiveCfg = Debug|Any CPU
		{EF464FD0-AA3C-403A-B71F-CA817071906A}.Debug|Any CPU.Build.0 = Debug|Any CPU
		{EF464FD0-AA3C-403A-B71F-CA817071906A}.Release|Any CPU.ActiveCfg = Release|Any CPU
		{EF464FD0-AA3C-403A-B71F-CA817071906A}.Release|Any CPU.Build.0 = Release|Any CPU
		{76CE75C2-482B-4C85-ADC8-C7925E94278F}.Debug|Any CPU.ActiveCfg = Debug|Any CPU
		{76CE75C2-482B-4C85-ADC8-C7925E94278F}.Debug|Any CPU.Build.0 = Debug|Any CPU
		{76CE75C2-482B-4C85-ADC8-C7925E94278F}.Release|Any CPU.ActiveCfg = Release|Any CPU
		{76CE75C2-482B-4C85-ADC8-C7925E94278F}.Release|Any CPU.Build.0 = Release|Any CPU
		{046FFD4D-5DB2-4FEB-A1AC-C8778FF4C618}.Debug|Any CPU.ActiveCfg = Debug|Any CPU
		{046FFD4D-5DB2-4FEB-A1AC-C8778FF4C618}.Debug|Any CPU.Build.0 = Debug|Any CPU
		{046FFD4D-5DB2-4FEB-A1AC-C8778FF4C618}.Release|Any CPU.ActiveCfg = Release|Any CPU
		{046FFD4D-5DB2-4FEB-A1AC-C8778FF4C618}.Release|Any CPU.Build.0 = Release|Any CPU
		{AA2482BE-F5A0-4F2E-BCCF-2FA06F0A9D2E}.Debug|Any CPU.ActiveCfg = Debug|Any CPU
		{AA2482BE-F5A0-4F2E-BCCF-2FA06F0A9D2E}.Debug|Any CPU.Build.0 = Debug|Any CPU
		{AA2482BE-F5A0-4F2E-BCCF-2FA06F0A9D2E}.Release|Any CPU.ActiveCfg = Release|Any CPU
		{AA2482BE-F5A0-4F2E-BCCF-2FA06F0A9D2E}.Release|Any CPU.Build.0 = Release|Any CPU
		{2F05384B-121E-4232-AF76-5B0CCD896CE8}.Debug|Any CPU.ActiveCfg = Debug|Any CPU
		{2F05384B-121E-4232-AF76-5B0CCD896CE8}.Debug|Any CPU.Build.0 = Debug|Any CPU
		{2F05384B-121E-4232-AF76-5B0CCD896CE8}.Release|Any CPU.ActiveCfg = Release|Any CPU
		{2F05384B-121E-4232-AF76-5B0CCD896CE8}.Release|Any CPU.Build.0 = Release|Any CPU
		{F3B217B3-7B6B-4345-A8A4-005350F6D300}.Debug|Any CPU.ActiveCfg = Debug|Any CPU
		{F3B217B3-7B6B-4345-A8A4-005350F6D300}.Debug|Any CPU.Build.0 = Debug|Any CPU
		{F3B217B3-7B6B-4345-A8A4-005350F6D300}.Release|Any CPU.ActiveCfg = Release|Any CPU
		{F3B217B3-7B6B-4345-A8A4-005350F6D300}.Release|Any CPU.Build.0 = Release|Any CPU
	EndGlobalSection
	GlobalSection(SolutionProperties) = preSolution
		HideSolutionNode = FALSE
	EndGlobalSection
	GlobalSection(ExtensibilityGlobals) = postSolution
		SolutionGuid = {D3C5C29D-4AB2-4491-9260-E0F70235A9F7}
	EndGlobalSection
EndGlobal
